
Microsoft Visual Studio Solution File, Format Version 12.00
# Visual Studio Version 16
VisualStudioVersion = 16.0.31129.286
MinimumVisualStudioVersion = 10.0.40219.1
Project("{FAE04EC0-301F-11D3-BF4B-00C04F79EFBC}") = "Ex03.GarageLogic", "Ex03.GarageLogic\Ex03.GarageLogic.csproj", "{49FA28EC-9B69-4DBD-840E-291130A06E84}"
EndProject
Project("{FAE04EC0-301F-11D3-BF4B-00C04F79EFBC}") = "Ex03.ConsoleUI", "Ex03.ConsoleUI\Ex03.ConsoleUI.csproj", "{91B74FAA-9882-4854-B134-A881CAED6763}"
EndProject
Global
	GlobalSection(SolutionConfigurationPlatforms) = preSolution
		Debug|Any CPU = Debug|Any CPU
		Release|Any CPU = Release|Any CPU
	EndGlobalSection
	GlobalSection(ProjectConfigurationPlatforms) = postSolution
		{49FA28EC-9B69-4DBD-840E-291130A06E84}.Debug|Any CPU.ActiveCfg = Debug|Any CPU
		{49FA28EC-9B69-4DBD-840E-291130A06E84}.Debug|Any CPU.Build.0 = Debug|Any CPU
		{49FA28EC-9B69-4DBD-840E-291130A06E84}.Release|Any CPU.ActiveCfg = Release|Any CPU
		{49FA28EC-9B69-4DBD-840E-291130A06E84}.Release|Any CPU.Build.0 = Release|Any CPU
		{91B74FAA-9882-4854-B134-A881CAED6763}.Debug|Any CPU.ActiveCfg = Debug|Any CPU
		{91B74FAA-9882-4854-B134-A881CAED6763}.Debug|Any CPU.Build.0 = Debug|Any CPU
		{91B74FAA-9882-4854-B134-A881CAED6763}.Release|Any CPU.ActiveCfg = Release|Any CPU
		{91B74FAA-9882-4854-B134-A881CAED6763}.Release|Any CPU.Build.0 = Release|Any CPU
	EndGlobalSection
	GlobalSection(SolutionProperties) = preSolution
		HideSolutionNode = FALSE
	EndGlobalSection
	GlobalSection(ExtensibilityGlobals) = postSolution
		SolutionGuid = {6AE02814-33D8-417E-B89F-9DFC75C603D9}
	EndGlobalSection
EndGlobal
